
Microsoft Visual Studio Solution File, Format Version 12.00
# Visual Studio Version 17
VisualStudioVersion = 17.10.34607.79
MinimumVisualStudioVersion = 10.0.40219.1
Project("{FAE04EC0-301F-11D3-BF4B-00C04F79EFBC}") = "MCTTraning", "MCTTraning\MCTTraning.csproj", "{389891DD-5097-482E-A218-B50E9280DBB7}"
EndProject
Global
	GlobalSection(SolutionConfigurationPlatforms) = preSolution
		Debug|Any CPU = Debug|Any CPU
		Release|Any CPU = Release|Any CPU
	EndGlobalSection
	GlobalSection(ProjectConfigurationPlatforms) = postSolution
		{389891DD-5097-482E-A218-B50E9280DBB7}.Debug|Any CPU.ActiveCfg = Debug|Any CPU
		{389891DD-5097-482E-A218-B50E9280DBB7}.Debug|Any CPU.Build.0 = Debug|Any CPU
		{389891DD-5097-482E-A218-B50E9280DBB7}.Release|Any CPU.ActiveCfg = Release|Any CPU
		{389891DD-5097-482E-A218-B50E9280DBB7}.Release|Any CPU.Build.0 = Release|Any CPU
	EndGlobalSection
	GlobalSection(SolutionProperties) = preSolution
		HideSolutionNode = FALSE
	EndGlobalSection
	GlobalSection(ExtensibilityGlobals) = postSolution
		SolutionGuid = {A0E4E9F6-697F-4DE4-B549-851FFE475737}
	EndGlobalSection
EndGlobal
